Microsoft Visual Studio Solution File, Format Version 12.00
# Visual Studio Version 17
VisualStudioVersion = 17.5.2.0
MinimumVisualStudioVersion = 10.0.40219.1
Project("{FAE04EC0-301F-11D3-BF4B-00C04F79EFBC}") = "AreaOfARectangle", "AreaOfARectangle.csproj", "{0E7FB26D-EF39-4724-D43B-19BD7B4479EC}"
EndProject
Global
	GlobalSection(SolutionConfigurationPlatforms) = preSolution
		Debug|Any CPU = Debug|Any CPU
		Release|Any CPU = Release|Any CPU
	EndGlobalSection
	GlobalSection(ProjectConfigurationPlatforms) = postSolution
		{0E7FB26D-EF39-4724-D43B-19BD7B4479EC}.Debug|Any CPU.ActiveCfg = Debug|Any CPU
		{0E7FB26D-EF39-4724-D43B-19BD7B4479EC}.Debug|Any CPU.Build.0 = Debug|Any CPU
		{0E7FB26D-EF39-4724-D43B-19BD7B4479EC}.Release|Any CPU.ActiveCfg = Release|Any CPU
		{0E7FB26D-EF39-4724-D43B-19BD7B4479EC}.Release|Any CPU.Build.0 = Release|Any CPU
	EndGlobalSection
	GlobalSection(SolutionProperties) = preSolution
		HideSolutionNode = FALSE
	EndGlobalSection
	GlobalSection(ExtensibilityGlobals) = postSolution
		SolutionGuid = {FF0EF121-84E7-4206-83D1-CF18D1F31A50}
	EndGlobalSection
EndGlobal
